// !$*UTF8*$!
{
	archiveVersion = 1;
	classes = {
	};
	objectVersion = 50;
	objects = {

/* Begin PBXBuildFile section */
		07EBF821248E60680007D45B /* AppDelegate.swift in Sources */ = {isa = PBXBuildFile; fileRef = 07EBF820248E60680007D45B /* AppDelegate.swift */; };
		07EBF823248E60680007D45B /* SceneDelegate.swift in Sources */ = {isa = PBXBuildFile; fileRef = 07EBF822248E60680007D45B /* SceneDelegate.swift */; };
		07EBF825248E60680007D45B /* ViewController.swift in Sources */ = {isa = PBXBuildFile; fileRef = 07EBF824248E60680007D45B /* ViewController.swift */; };
		07EBF828248E60680007D45B /* Main.storyboard in Resources */ = {isa = PBXBuildFile; fileRef = 07EBF826248E60680007D45B /* Main.storyboard */; };
		07EBF82A248E606B0007D45B /* Assets.xcassets in Resources */ = {isa = PBXBuildFile; fileRef = 07EBF829248E606B0007D45B /* Assets.xcassets */; };
		07EBF82D248E606B0007D45B /* LaunchScreen.storyboard in Resources */ = {isa = PBXBuildFile; fileRef = 07EBF82B248E606B0007D45B /* LaunchScreen.storyboard */; };
/* End PBXBuildFile section */

/* Begin PBXFileReference section */
		07EBF81D248E60680007D45B /* AutolayoutProject.app */ = {isa = PBXFileReference; explicitFileType = wrapper.application; includeInIndex = 0; path = AutolayoutProject.app; sourceTree = BUILT_PRODUCTS_DIR; };
		07EBF820248E60680007D45B /* AppDelegate.swift */ = {isa = PBXFileReference; lastKnownFileType = sourcecode.swift; path = AppDelegate.swift; sourceTree = "<group>"; };
		07EBF822248E60680007D45B /* SceneDelegate.swift */ = {isa = PBXFileReference; lastKnownFileType = sourcecode.swift; path = SceneDelegate.swift; sourceTree = "<group>"; };
		07EBF824248E60680007D45B /* ViewController.swift */ = {isa = PBXFileReference; lastKnownFileType = sourcecode.swift; path = ViewController.swift; sourceTree = "<group>"; };
		07EBF827248E60680007D45B /* Base */ = {isa = PBXFileReference; lastKnownFileType = file.storyboard; name = Base; path = Base.lproj/Main.storyboard; sourceTree = "<group>"; };
		07EBF829248E606B0007D45B /* Assets.xcassets */ = {isa = PBXFileReference; lastKnownFileType = folder.assetcatalog; path = Assets.xcassets; sourceTree = "<group>"; };
		07EBF82C248E606B0007D45B /* Base */ = {isa = PBXFileReference; lastKnownFileType = file.storyboard; name = Base; path = Base.lproj/LaunchScreen.storyboard; sourceTree = "<group>"; };
		07EBF82E248E606B0007D45B /* Info.plist */ = {isa = PBXFileReference; lastKnownFileType = text.plist.xml; path = Info.plist; sourceTree = "<group>"; };
/* End PBXFileReference section */

/* Begin PBXFrameworksBuildPhase section */
		07EBF81A248E60680007D45B /* Frameworks */ = {
			isa = PBXFrameworksBuildPhase;
			buildActionMask = 2147483647;
			files = (
			);
			runOnlyForDeploymentPostprocessing = 0;
		};
/* End PBXFrameworksBuildPhase section */

/* Begin PBXGroup section */
		07EBF814248E60680007D45B = {
			isa = PBXGroup;
			children = (
				07EBF81F248E60680007D45B /* AutolayoutProject */,
				07EBF81E248E60680007D45B /* Products */,
			);
			sourceTree = "<group>";
		};
		07EBF81E248E60680007D45B /* Products */ = {
			isa = PBXGroup;
			children = (
				07EBF81D248E60680007D45B /* AutolayoutProject.app */,
			);
			name = Products;
			sourceTree = "<group>";
		};
		07EBF81F248E60680007D45B /* AutolayoutProject */ = {
			isa = PBXGroup;
			children = (
				07EBF820248E60680007D45B /* AppDelegate.swift */,
				07EBF822248E60680007D45B /* SceneDelegate.swift */,
				07EBF824248E60680007D45B /* ViewController.swift */,
				07EBF826248E60680007D45B /* Main.storyboard */,
				07EBF829248E606B0007D45B /* Assets.xcassets */,
				07EBF82B248E606B0007D45B /* LaunchScreen.storyboard */,
				07EBF82E248E606B0007D45B /* Info.plist */,
			);
			path = AutolayoutProject;
			sourceTree = "<group>";
		};
/* End PBXGroup section */

/* Begin PBXNativeTarget section */
		07EBF81C248E60680007D45B /* AutolayoutProject */ = {
			isa = PBXNativeTarget;
			buildConfigurationList = 07EBF831248E606B0007D45B /* Build configuration list for PBXNativeTarget "AutolayoutProject" */;
			buildPhases = (
				07EBF819248E60680007D45B /* Sources */,
				07EBF81A248E60680007D45B /* Frameworks */,
				07EBF81B248E60680007D45B /* Resources */,
			);
			buildRules = (
			);
			dependencies = (
			);
			name = AutolayoutProject;
			productName = AutolayoutProject;
			productReference = 07EBF81D248E60680007D45B /* AutolayoutProject.app */;
			productType = "com.apple.product-type.application";
		};
/* End PBXNativeTarget section */

/* Begin PBXProject section */
		07EBF815248E60680007D45B /* Project object */ = {
			isa = PBXProject;
			attributes = {
				LastSwiftUpdateCheck = 1150;
				LastUpgradeCheck = 1150;
				ORGANIZATIONNAME = d2fault;
				TargetAttributes = {
					07EBF81C248E60680007D45B = {
						CreatedOnToolsVersion = 11.5;
					};
				};
			};
			buildConfigurationList = 07EBF818248E60680007D45B /* Build configuration list for PBXProject "AutolayoutProject" */;
			compatibilityVersion = "Xcode 9.3";
			developmentRegion = en;
			hasScannedForEncodings = 0;
			knownRegions = (
				en,
				Base,
			);
			mainGroup = 07EBF814248E60680007D45B;
			productRefGroup = 07EBF81E248E60680007D45B /* Products */;
			projectDirPath = "";
			projectRoot = "";
			targets = (
				07EBF81C248E60680007D45B /* AutolayoutProject */,
			);
		};
/* End PBXProject section */

/* Begin PBXResourcesBuildPhase section */
		07EBF81B248E60680007D45B /* Resources */ = {
			isa = PBXResourcesBuildPhase;
			buildActionMask = 2147483647;
			files = (
				07EBF82D248E606B0007D45B /* LaunchScreen.storyboard in Resources */,
				07EBF82A248E606B0007D45B /* Assets.xcassets in Resources */,
				07EBF828248E60680007D45B /* Main.storyboard in Resources */,
			);
			runOnlyForDeploymentPostprocessing = 0;
		};
/* End PBXResourcesBuildPhase section */

/* Begin PBXSourcesBuildPhase section */
		07EBF819248E60680007D45B /* Sources */ = {
			isa = PBXSourcesBuildPhase;
			buildActionMask = 2147483647;
			files = (
				07EBF825248E60680007D45B /* ViewController.swift in Sources */,
				07EBF821248E60680007D45B /* AppDelegate.swift in Sources */,
				07EBF823248E60680007D45B /* SceneDelegate.swift in Sources */,
			);
			runOnlyForDeploymentPostprocessing = 0;
		};
/* End PBXSourcesBuildPhase section */

/* Begin PBXVariantGroup section */
		07EBF826248E60680007D45B /* Main.storyboard */ = {
			isa = PBXVariantGroup;
			children = (
				07EBF827248E60680007D45B /* Base */,
			);
			name = Main.storyboard;
			sourceTree = "<group>";
		};
		07EBF82B248E606B0007D45B /* LaunchScreen.storyboard */ = {
			isa = PBXVariantGroup;
			children = (
				07EBF82C248E606B0007D45B /* Base */,
			);
			name = LaunchScreen.storyboard;
			sourceTree = "<group>";
		};
/* End PBXVariantGroup section */

/* Begin XCBuildConfiguration section */
		07EBF82F248E606B0007D45B /* Debug */ = {
			isa = XCBuildConfiguration;
			buildSettings = {
				ALWAYS_SEARCH_USER_PATHS = NO;
				CLANG_ANALYZER_NONNULL = YES;
				CLANG_ANALYZER_NUMBER_OBJECT_CONVERSION = YES_AGGRESSIVE;
				CLANG_CXX_LANGUAGE_STANDARD = "gnu++14";
				CLANG_CXX_LIBRARY = "libc++";
				CLANG_ENABLE_MODULES = YES;
				CLANG_ENABLE_OBJC_ARC = YES;
				CLANG_ENABLE_OBJC_WEAK = YES;
				CLANG_WARN_BLOCK_CAPTURE_AUTORELEASING = YES;
				CLANG_WARN_BOOL_CONVERSION = YES;
				CLANG_WARN_COMMA = YES;
				CLANG_WARN_CONSTANT_CONVERSION = YES;
				CLANG_WARN_DEPRECATED_OBJC_IMPLEMENTATIONS = YES;
				CLANG_WARN_DIRECT_OBJC_ISA_USAGE = YES_ERROR;
				CLANG_WARN_DOCUMENTATION_COMMENTS = YES;
				CLANG_WARN_EMPTY_BODY = YES;
				CLANG_WARN_ENUM_CONVERSION = YES;
				CLANG_WARN_INFINITE_RECURSION = YES;
				CLANG_WARN_INT_CONVERSION = YES;
				CLANG_WARN_NON_LITERAL_NULL_CONVERSION = YES;
				CLANG_WARN_OBJC_IMPLICIT_RETAIN_SELF = YES;
				CLANG_WARN_OBJC_LITERAL_CONVERSION = YES;
				CLANG_WARN_OBJC_ROOT_CLASS = YES_ERROR;
				CLANG_WARN_RANGE_LOOP_ANALYSIS = YES;
				CLANG_WARN_STRICT_PROTOTYPES = YES;
				CLANG_WARN_SUSPICIOUS_MOVE = YES;
				CLANG_WARN_UNGUARDED_AVAILABILITY = YES_AGGRESSIVE;
				CLANG_WARN_UNREACHABLE_CODE = YES;
				CLANG_WARN__DUPLICATE_METHOD_MATCH = YES;
				COPY_PHASE_STRIP = NO;
				DEBUG_INFORMATION_FORMAT = dwarf;
				ENABLE_STRICT_OBJC_MSGSEND = YES;
				ENABLE_TESTABILITY = YES;
				GCC_C_LANGUAGE_STANDARD = gnu11;
				GCC_DYNAMIC_NO_PIC = NO;
				GCC_NO_COMMON_BLOCKS = YES;
				GCC_OPTIMIZATION_LEVEL = 0;
				GCC_PREPROCESSOR_DEFINITIONS = (
					"DEBUG=1",
					"$(inherited)",
				);
				GCC_WARN_64_TO_32_BIT_CONVERSION = YES;
				GCC_WARN_ABOUT_RETURN_TYPE = YES_ERROR;
				GCC_WARN_UNDECLARED_SELECTOR = YES;
				GCC_WARN_UNINITIALIZED_AUTOS = YES_AGGRESSIVE;
				GCC_WARN_UNUSED_FUNCTION = YES;
				GCC_WARN_UNUSED_VARIABLE = YES;
				IPHONEOS_DEPLOYMENT_TARGET = 13.5;
				MTL_ENABLE_DEBUG_INFO = INCLUDE_SOURCE;
				MTL_FAST_MATH = YES;
				ONLY_ACTIVE_ARCH = YES;
				SDKROOT = iphoneos;
				SWIFT_ACTIVE_COMPILATION_CONDITIONS = DEBUG;
				SWIFT_OPTIMIZATION_LEVEL = "-Onone";
			};
			name = Debug;
		};
		07EBF830248E606B0007D45B /* Release */ = {
			isa = XCBuildConfiguration;
			buildSettings = {
				ALWAYS_SEARCH_USER_PATHS = NO;
				CLANG_ANALYZER_NONNULL = YES;
				CLANG_ANALYZER_NUMBER_OBJECT_CONVERSION = YES_AGGRESSIVE;
				CLANG_CXX_LANGUAGE_STANDARD = "gnu++14";
				CLANG_CXX_LIBRARY = "libc++";
				CLANG_ENABLE_MODULES = YES;
				CLANG_ENABLE_OBJC_ARC = YES;
				CLANG_ENABLE_OBJC_WEAK = YES;
				CLANG_WARN_BLOCK_CAPTURE_AUTORELEASING = YES;
				CLANG_WARN_BOOL_CONVERSION = YES;
				CLANG_WARN_COMMA = YES;
				CLANG_WARN_CONSTANT_CONVERSION = YES;
				CLANG_WARN_DEPRECATED_OBJC_IMPLEMENTATIONS = YES;
				CLANG_WARN_DIRECT_OBJC_ISA_USAGE = YES_ERROR;
				CLANG_WARN_DOCUMENTATION_COMMENTS = YES;
				CLANG_WARN_EMPTY_BODY = YES;
				CLANG_WARN_ENUM_CONVERSION = YES;
				CLANG_WARN_INFINITE_RECURSION = YES;
				CLANG_WARN_INT_CONVERSION = YES;
				CLANG_WARN_NON_LITERAL_NULL_CONVERSION = YES;
				CLANG_WARN_OBJC_IMPLICIT_RETAIN_SELF = YES;
				CLANG_WARN_OBJC_LITERAL_CONVERSION = YES;
				CLANG_WARN_OBJC_ROOT_CLASS = YES_ERROR;
				CLANG_WARN_RANGE_LOOP_ANALYSIS = YES;
				CLANG_WARN_STRICT_PROTOTYPES = YES;
				CLANG_WARN_SUSPICIOUS_MOVE = YES;
				CLANG_WARN_UNGUARDED_AVAILABILITY = YES_AGGRESSIVE;
				CLANG_WARN_UNREACHABLE_CODE = YES;
				CLANG_WARN__DUPLICATE_METHOD_MATCH = YES;
				COPY_PHASE_STRIP = NO;
				DEBUG_INFORMATION_FORMAT = "dwarf-with-dsym";
				ENABLE_NS_ASSERTIONS = NO;
				ENABLE_STRICT_OBJC_MSGSEND = YES;
				GCC_C_LANGUAGE_STANDARD = gnu11;
				GCC_NO_COMMON_BLOCKS = YES;
				GCC_WARN_64_TO_32_BIT_CONVERSION = YES;
				GCC_WARN_ABOUT_RETURN_TYPE = YES_ERROR;
				GCC_WARN_UNDECLARED_SELECTOR = YES;
				GCC_WARN_UNINITIALIZED_AUTOS = YES_AGGRESSIVE;
				GCC_WARN_UNUSED_FUNCTION = YES;
				GCC_WARN_UNUSED_VARIABLE = YES;
				IPHONEOS_DEPLOYMENT_TARGET = 13.5;
				MTL_ENABLE_DEBUG_INFO = NO;
				MTL_FAST_MATH = YES;
				SDKROOT = iphoneos;
				SWIFT_COMPILATION_MODE = wholemodule;
				SWIFT_OPTIMIZATION_LEVEL = "-O";
				VALIDATE_PRODUCT = YES;
			};
			name = Release;
		};
		07EBF832248E606B0007D45B /* Debug */ = {
			isa = XCBuildConfiguration;
			buildSettings = {
				ASSETCATALOG_COMPILER_APPICON_NAME = AppIcon;
				CODE_SIGN_STYLE = Automatic;
				DEVELOPMENT_TEAM = QLVPP3XJYB;
				INFOPLIST_FILE = AutolayoutProject/Info.plist;
				LD_RUNPATH_SEARCH_PATHS = (
					"$(inherited)",
					"@executable_path/Frameworks",
				);
				PRODUCT_BUNDLE_IDENTIFIER = com.d2fault.AutolayoutProject;
				PRODUCT_NAME = "$(TARGET_NAME)";
				SWIFT_VERSION = 5.0;
				TARGETED_DEVICE_FAMILY = "1,2";
			};
			name = Debug;
		};
		07EBF833248E606B0007D45B /* Release */ = {
			isa = XCBuildConfiguration;
			buildSettings = {
				ASSETCATALOG_COMPILER_APPICON_NAME = AppIcon;
				CODE_SIGN_STYLE = Automatic;
				DEVELOPMENT_TEAM = QLVPP3XJYB;
				INFOPLIST_FILE = AutolayoutProject/Info.plist;
				LD_RUNPATH_SEARCH_PATHS = (
					"$(inherited)",
					"@executable_path/Frameworks",
				);
				PRODUCT_BUNDLE_IDENTIFIER = com.d2fault.AutolayoutProject;
				PRODUCT_NAME = "$(TARGET_NAME)";
				SWIFT_VERSION = 5.0;
				TARGETED_DEVICE_FAMILY = "1,2";
			};
			name = Release;
		};
/* End XCBuildConfiguration section */

/* Begin XCConfigurationList section */
		07EBF818248E60680007D45B /* Build configuration list for PBXProject "AutolayoutProject" */ = {
			isa = XCConfigurationList;
			buildConfigurations = (
				07EBF82F248E606B0007D45B /* Debug */,
				07EBF830248E606B0007D45B /* Release */,
			);
			defaultConfigurationIsVisible = 0;
			defaultConfigurationName = Release;
		};
		07EBF831248E606B0007D45B /* Build configuration list for PBXNativeTarget "AutolayoutProject" */ = {
			isa = XCConfigurationList;
			buildConfigurations = (
				07EBF832248E606B0007D45B /* Debug */,
				07EBF833248E606B0007D45B /* Release */,
			);
			defaultConfigurationIsVisible = 0;
			defaultConfigurationName = Release;
		};
/* End XCConfigurationList section */
	};
	rootObject = 07EBF815248E60680007D45B /* Project object */;
}
