// !$*UTF8*$!
{
	archiveVersion = 1;
	classes = {
	};
	objectVersion = 52;
	objects = {

/* Begin PBXBuildFile section */
		070908E924A645B00082DAE8 /* AppDelegate.swift in Sources */ = {isa = PBXBuildFile; fileRef = 070908E824A645B00082DAE8 /* AppDelegate.swift */; };
		070908EB24A645B00082DAE8 /* SceneDelegate.swift in Sources */ = {isa = PBXBuildFile; fileRef = 070908EA24A645B00082DAE8 /* SceneDelegate.swift */; };
		070908ED24A645B00082DAE8 /* ViewController.swift in Sources */ = {isa = PBXBuildFile; fileRef = 070908EC24A645B00082DAE8 /* ViewController.swift */; };
		070908F024A645B00082DAE8 /* Main.storyboard in Resources */ = {isa = PBXBuildFile; fileRef = 070908EE24A645B00082DAE8 /* Main.storyboard */; };
		070908F224A645B10082DAE8 /* Assets.xcassets in Resources */ = {isa = PBXBuildFile; fileRef = 070908F124A645B10082DAE8 /* Assets.xcassets */; };
		070908F524A645B10082DAE8 /* LaunchScreen.storyboard in Resources */ = {isa = PBXBuildFile; fileRef = 070908F324A645B10082DAE8 /* LaunchScreen.storyboard */; };
		070908FD24A649540082DAE8 /* CitizenViewController.swift in Sources */ = {isa = PBXBuildFile; fileRef = 070908FC24A649540082DAE8 /* CitizenViewController.swift */; };
		0709090424A65D200082DAE8 /* CitizenTableViewCell.swift in Sources */ = {isa = PBXBuildFile; fileRef = 0709090324A65D200082DAE8 /* CitizenTableViewCell.swift */; };
		0709090724A878020082DAE8 /* Alamofire in Frameworks */ = {isa = PBXBuildFile; productRef = 0709090624A878020082DAE8 /* Alamofire */; };
		0709090A24A878AC0082DAE8 /* KingfisherStatic in Frameworks */ = {isa = PBXBuildFile; productRef = 0709090924A878AC0082DAE8 /* KingfisherStatic */; };
		0709090C24A878AC0082DAE8 /* KingfisherSwiftUIStatic in Frameworks */ = {isa = PBXBuildFile; productRef = 0709090B24A878AC0082DAE8 /* KingfisherSwiftUIStatic */; };
		0709090E24A878AC0082DAE8 /* KingfisherDynamic in Frameworks */ = {isa = PBXBuildFile; productRef = 0709090D24A878AC0082DAE8 /* KingfisherDynamic */; };
		0709090F24A878AC0082DAE8 /* KingfisherDynamic in Embed Frameworks */ = {isa = PBXBuildFile; productRef = 0709090D24A878AC0082DAE8 /* KingfisherDynamic */; settings = {ATTRIBUTES = (CodeSignOnCopy, ); }; };
		0709091124A878AC0082DAE8 /* Kingfisher in Frameworks */ = {isa = PBXBuildFile; productRef = 0709091024A878AC0082DAE8 /* Kingfisher */; };
		0709091324A878AC0082DAE8 /* KingfisherSwiftUIDynamic in Frameworks */ = {isa = PBXBuildFile; productRef = 0709091224A878AC0082DAE8 /* KingfisherSwiftUIDynamic */; };
		0709091424A878AC0082DAE8 /* KingfisherSwiftUIDynamic in Embed Frameworks */ = {isa = PBXBuildFile; productRef = 0709091224A878AC0082DAE8 /* KingfisherSwiftUIDynamic */; settings = {ATTRIBUTES = (CodeSignOnCopy, ); }; };
		0709091624A878AC0082DAE8 /* KingfisherSwiftUI in Frameworks */ = {isa = PBXBuildFile; productRef = 0709091524A878AC0082DAE8 /* KingfisherSwiftUI */; };
		0709091924A89E050082DAE8 /* CitizenModel.swift in Sources */ = {isa = PBXBuildFile; fileRef = 0709091824A89E050082DAE8 /* CitizenModel.swift */; };
/* End PBXBuildFile section */

/* Begin PBXCopyFilesBuildPhase section */
		0709091724A878AC0082DAE8 /* Embed Frameworks */ = {
			isa = PBXCopyFilesBuildPhase;
			buildActionMask = 2147483647;
			dstPath = "";
			dstSubfolderSpec = 10;
			files = (
				0709091424A878AC0082DAE8 /* KingfisherSwiftUIDynamic in Embed Frameworks */,
				0709090F24A878AC0082DAE8 /* KingfisherDynamic in Embed Frameworks */,
			);
			name = "Embed Frameworks";
			runOnlyForDeploymentPostprocessing = 0;
		};
/* End PBXCopyFilesBuildPhase section */

/* Begin PBXFileReference section */
		070908E524A645B00082DAE8 /* HelloDongsup.app */ = {isa = PBXFileReference; explicitFileType = wrapper.application; includeInIndex = 0; path = HelloDongsup.app; sourceTree = BUILT_PRODUCTS_DIR; };
		070908E824A645B00082DAE8 /* AppDelegate.swift */ = {isa = PBXFileReference; lastKnownFileType = sourcecode.swift; path = AppDelegate.swift; sourceTree = "<group>"; };
		070908EA24A645B00082DAE8 /* SceneDelegate.swift */ = {isa = PBXFileReference; lastKnownFileType = sourcecode.swift; path = SceneDelegate.swift; sourceTree = "<group>"; };
		070908EC24A645B00082DAE8 /* ViewController.swift */ = {isa = PBXFileReference; lastKnownFileType = sourcecode.swift; path = ViewController.swift; sourceTree = "<group>"; };
		070908EF24A645B00082DAE8 /* Base */ = {isa = PBXFileReference; lastKnownFileType = file.storyboard; name = Base; path = Base.lproj/Main.storyboard; sourceTree = "<group>"; };
		070908F124A645B10082DAE8 /* Assets.xcassets */ = {isa = PBXFileReference; lastKnownFileType = folder.assetcatalog; path = Assets.xcassets; sourceTree = "<group>"; };
		070908F424A645B10082DAE8 /* Base */ = {isa = PBXFileReference; lastKnownFileType = file.storyboard; name = Base; path = Base.lproj/LaunchScreen.storyboard; sourceTree = "<group>"; };
		070908F624A645B10082DAE8 /* Info.plist */ = {isa = PBXFileReference; lastKnownFileType = text.plist.xml; path = Info.plist; sourceTree = "<group>"; };
		070908FC24A649540082DAE8 /* CitizenViewController.swift */ = {isa = PBXFileReference; lastKnownFileType = sourcecode.swift; path = CitizenViewController.swift; sourceTree = "<group>"; };
		0709090324A65D200082DAE8 /* CitizenTableViewCell.swift */ = {isa = PBXFileReference; lastKnownFileType = sourcecode.swift; path = CitizenTableViewCell.swift; sourceTree = "<group>"; };
		0709091824A89E050082DAE8 /* CitizenModel.swift */ = {isa = PBXFileReference; lastKnownFileType = sourcecode.swift; path = CitizenModel.swift; sourceTree = "<group>"; };
/* End PBXFileReference section */

/* Begin PBXFrameworksBuildPhase section */
		070908E224A645B00082DAE8 /* Frameworks */ = {
			isa = PBXFrameworksBuildPhase;
			buildActionMask = 2147483647;
			files = (
				0709091324A878AC0082DAE8 /* KingfisherSwiftUIDynamic in Frameworks */,
				0709090E24A878AC0082DAE8 /* KingfisherDynamic in Frameworks */,
				0709090A24A878AC0082DAE8 /* KingfisherStatic in Frameworks */,
				0709090724A878020082DAE8 /* Alamofire in Frameworks */,
				0709090C24A878AC0082DAE8 /* KingfisherSwiftUIStatic in Frameworks */,
				0709091624A878AC0082DAE8 /* KingfisherSwiftUI in Frameworks */,
				0709091124A878AC0082DAE8 /* Kingfisher in Frameworks */,
			);
			runOnlyForDeploymentPostprocessing = 0;
		};
/* End PBXFrameworksBuildPhase section */

/* Begin PBXGroup section */
		070908DC24A645B00082DAE8 = {
			isa = PBXGroup;
			children = (
				070908E724A645B00082DAE8 /* HelloDongsup */,
				070908E624A645B00082DAE8 /* Products */,
			);
			sourceTree = "<group>";
		};
		070908E624A645B00082DAE8 /* Products */ = {
			isa = PBXGroup;
			children = (
				070908E524A645B00082DAE8 /* HelloDongsup.app */,
			);
			name = Products;
			sourceTree = "<group>";
		};
		070908E724A645B00082DAE8 /* HelloDongsup */ = {
			isa = PBXGroup;
			children = (
				070908E824A645B00082DAE8 /* AppDelegate.swift */,
				070908EA24A645B00082DAE8 /* SceneDelegate.swift */,
				070908EC24A645B00082DAE8 /* ViewController.swift */,
				070908EE24A645B00082DAE8 /* Main.storyboard */,
				070908F124A645B10082DAE8 /* Assets.xcassets */,
				070908F324A645B10082DAE8 /* LaunchScreen.storyboard */,
				070908F624A645B10082DAE8 /* Info.plist */,
				070908FC24A649540082DAE8 /* CitizenViewController.swift */,
				0709090324A65D200082DAE8 /* CitizenTableViewCell.swift */,
				0709091824A89E050082DAE8 /* CitizenModel.swift */,
			);
			path = HelloDongsup;
			sourceTree = "<group>";
		};
/* End PBXGroup section */

/* Begin PBXNativeTarget section */
		070908E424A645B00082DAE8 /* HelloDongsup */ = {
			isa = PBXNativeTarget;
			buildConfigurationList = 070908F924A645B10082DAE8 /* Build configuration list for PBXNativeTarget "HelloDongsup" */;
			buildPhases = (
				070908E124A645B00082DAE8 /* Sources */,
				070908E224A645B00082DAE8 /* Frameworks */,
				070908E324A645B00082DAE8 /* Resources */,
				0709091724A878AC0082DAE8 /* Embed Frameworks */,
			);
			buildRules = (
			);
			dependencies = (
			);
			name = HelloDongsup;
			packageProductDependencies = (
				0709090624A878020082DAE8 /* Alamofire */,
				0709090924A878AC0082DAE8 /* KingfisherStatic */,
				0709090B24A878AC0082DAE8 /* KingfisherSwiftUIStatic */,
				0709090D24A878AC0082DAE8 /* KingfisherDynamic */,
				0709091024A878AC0082DAE8 /* Kingfisher */,
				0709091224A878AC0082DAE8 /* KingfisherSwiftUIDynamic */,
				0709091524A878AC0082DAE8 /* KingfisherSwiftUI */,
			);
			productName = HelloDongsup;
			productReference = 070908E524A645B00082DAE8 /* HelloDongsup.app */;
			productType = "com.apple.product-type.application";
		};
/* End PBXNativeTarget section */

/* Begin PBXProject section */
		070908DD24A645B00082DAE8 /* Project object */ = {
			isa = PBXProject;
			attributes = {
				LastSwiftUpdateCheck = 1150;
				LastUpgradeCheck = 1150;
				ORGANIZATIONNAME = d2fault;
				TargetAttributes = {
					070908E424A645B00082DAE8 = {
						CreatedOnToolsVersion = 11.5;
					};
				};
			};
			buildConfigurationList = 070908E024A645B00082DAE8 /* Build configuration list for PBXProject "HelloDongsup" */;
			compatibilityVersion = "Xcode 9.3";
			developmentRegion = en;
			hasScannedForEncodings = 0;
			knownRegions = (
				en,
				Base,
			);
			mainGroup = 070908DC24A645B00082DAE8;
			packageReferences = (
				0709090524A878020082DAE8 /* XCRemoteSwiftPackageReference "Alamofire" */,
				0709090824A878AC0082DAE8 /* XCRemoteSwiftPackageReference "Kingfisher" */,
			);
			productRefGroup = 070908E624A645B00082DAE8 /* Products */;
			projectDirPath = "";
			projectRoot = "";
			targets = (
				070908E424A645B00082DAE8 /* HelloDongsup */,
			);
		};
/* End PBXProject section */

/* Begin PBXResourcesBuildPhase section */
		070908E324A645B00082DAE8 /* Resources */ = {
			isa = PBXResourcesBuildPhase;
			buildActionMask = 2147483647;
			files = (
				070908F524A645B10082DAE8 /* LaunchScreen.storyboard in Resources */,
				070908F224A645B10082DAE8 /* Assets.xcassets in Resources */,
				070908F024A645B00082DAE8 /* Main.storyboard in Resources */,
			);
			runOnlyForDeploymentPostprocessing = 0;
		};
/* End PBXResourcesBuildPhase section */

/* Begin PBXSourcesBuildPhase section */
		070908E124A645B00082DAE8 /* Sources */ = {
			isa = PBXSourcesBuildPhase;
			buildActionMask = 2147483647;
			files = (
				070908ED24A645B00082DAE8 /* ViewController.swift in Sources */,
				070908E924A645B00082DAE8 /* AppDelegate.swift in Sources */,
				0709091924A89E050082DAE8 /* CitizenModel.swift in Sources */,
				070908EB24A645B00082DAE8 /* SceneDelegate.swift in Sources */,
				0709090424A65D200082DAE8 /* CitizenTableViewCell.swift in Sources */,
				070908FD24A649540082DAE8 /* CitizenViewController.swift in Sources */,
			);
			runOnlyForDeploymentPostprocessing = 0;
		};
/* End PBXSourcesBuildPhase section */

/* Begin PBXVariantGroup section */
		070908EE24A645B00082DAE8 /* Main.storyboard */ = {
			isa = PBXVariantGroup;
			children = (
				070908EF24A645B00082DAE8 /* Base */,
			);
			name = Main.storyboard;
			sourceTree = "<group>";
		};
		070908F324A645B10082DAE8 /* LaunchScreen.storyboard */ = {
			isa = PBXVariantGroup;
			children = (
				070908F424A645B10082DAE8 /* Base */,
			);
			name = LaunchScreen.storyboard;
			sourceTree = "<group>";
		};
/* End PBXVariantGroup section */

/* Begin XCBuildConfiguration section */
		070908F724A645B10082DAE8 /* Debug */ = {
			isa = XCBuildConfiguration;
			buildSettings = {
				ALWAYS_SEARCH_USER_PATHS = NO;
				CLANG_ANALYZER_NONNULL = YES;
				CLANG_ANALYZER_NUMBER_OBJECT_CONVERSION = YES_AGGRESSIVE;
				CLANG_CXX_LANGUAGE_STANDARD = "gnu++14";
				CLANG_CXX_LIBRARY = "libc++";
				CLANG_ENABLE_MODULES = YES;
				CLANG_ENABLE_OBJC_ARC = YES;
				CLANG_ENABLE_OBJC_WEAK = YES;
				CLANG_WARN_BLOCK_CAPTURE_AUTORELEASING = YES;
				CLANG_WARN_BOOL_CONVERSION = YES;
				CLANG_WARN_COMMA = YES;
				CLANG_WARN_CONSTANT_CONVERSION = YES;
				CLANG_WARN_DEPRECATED_OBJC_IMPLEMENTATIONS = YES;
				CLANG_WARN_DIRECT_OBJC_ISA_USAGE = YES_ERROR;
				CLANG_WARN_DOCUMENTATION_COMMENTS = YES;
				CLANG_WARN_EMPTY_BODY = YES;
				CLANG_WARN_ENUM_CONVERSION = YES;
				CLANG_WARN_INFINITE_RECURSION = YES;
				CLANG_WARN_INT_CONVERSION = YES;
				CLANG_WARN_NON_LITERAL_NULL_CONVERSION = YES;
				CLANG_WARN_OBJC_IMPLICIT_RETAIN_SELF = YES;
				CLANG_WARN_OBJC_LITERAL_CONVERSION = YES;
				CLANG_WARN_OBJC_ROOT_CLASS = YES_ERROR;
				CLANG_WARN_RANGE_LOOP_ANALYSIS = YES;
				CLANG_WARN_STRICT_PROTOTYPES = YES;
				CLANG_WARN_SUSPICIOUS_MOVE = YES;
				CLANG_WARN_UNGUARDED_AVAILABILITY = YES_AGGRESSIVE;
				CLANG_WARN_UNREACHABLE_CODE = YES;
				CLANG_WARN__DUPLICATE_METHOD_MATCH = YES;
				COPY_PHASE_STRIP = NO;
				DEBUG_INFORMATION_FORMAT = dwarf;
				ENABLE_STRICT_OBJC_MSGSEND = YES;
				ENABLE_TESTABILITY = YES;
				GCC_C_LANGUAGE_STANDARD = gnu11;
				GCC_DYNAMIC_NO_PIC = NO;
				GCC_NO_COMMON_BLOCKS = YES;
				GCC_OPTIMIZATION_LEVEL = 0;
				GCC_PREPROCESSOR_DEFINITIONS = (
					"DEBUG=1",
					"$(inherited)",
				);
				GCC_WARN_64_TO_32_BIT_CONVERSION = YES;
				GCC_WARN_ABOUT_RETURN_TYPE = YES_ERROR;
				GCC_WARN_UNDECLARED_SELECTOR = YES;
				GCC_WARN_UNINITIALIZED_AUTOS = YES_AGGRESSIVE;
				GCC_WARN_UNUSED_FUNCTION = YES;
				GCC_WARN_UNUSED_VARIABLE = YES;
				IPHONEOS_DEPLOYMENT_TARGET = 13.5;
				MTL_ENABLE_DEBUG_INFO = INCLUDE_SOURCE;
				MTL_FAST_MATH = YES;
				ONLY_ACTIVE_ARCH = YES;
				SDKROOT = iphoneos;
				SWIFT_ACTIVE_COMPILATION_CONDITIONS = DEBUG;
				SWIFT_OPTIMIZATION_LEVEL = "-Onone";
			};
			name = Debug;
		};
		070908F824A645B10082DAE8 /* Release */ = {
			isa = XCBuildConfiguration;
			buildSettings = {
				ALWAYS_SEARCH_USER_PATHS = NO;
				CLANG_ANALYZER_NONNULL = YES;
				CLANG_ANALYZER_NUMBER_OBJECT_CONVERSION = YES_AGGRESSIVE;
				CLANG_CXX_LANGUAGE_STANDARD = "gnu++14";
				CLANG_CXX_LIBRARY = "libc++";
				CLANG_ENABLE_MODULES = YES;
				CLANG_ENABLE_OBJC_ARC = YES;
				CLANG_ENABLE_OBJC_WEAK = YES;
				CLANG_WARN_BLOCK_CAPTURE_AUTORELEASING = YES;
				CLANG_WARN_BOOL_CONVERSION = YES;
				CLANG_WARN_COMMA = YES;
				CLANG_WARN_CONSTANT_CONVERSION = YES;
				CLANG_WARN_DEPRECATED_OBJC_IMPLEMENTATIONS = YES;
				CLANG_WARN_DIRECT_OBJC_ISA_USAGE = YES_ERROR;
				CLANG_WARN_DOCUMENTATION_COMMENTS = YES;
				CLANG_WARN_EMPTY_BODY = YES;
				CLANG_WARN_ENUM_CONVERSION = YES;
				CLANG_WARN_INFINITE_RECURSION = YES;
				CLANG_WARN_INT_CONVERSION = YES;
				CLANG_WARN_NON_LITERAL_NULL_CONVERSION = YES;
				CLANG_WARN_OBJC_IMPLICIT_RETAIN_SELF = YES;
				CLANG_WARN_OBJC_LITERAL_CONVERSION = YES;
				CLANG_WARN_OBJC_ROOT_CLASS = YES_ERROR;
				CLANG_WARN_RANGE_LOOP_ANALYSIS = YES;
				CLANG_WARN_STRICT_PROTOTYPES = YES;
				CLANG_WARN_SUSPICIOUS_MOVE = YES;
				CLANG_WARN_UNGUARDED_AVAILABILITY = YES_AGGRESSIVE;
				CLANG_WARN_UNREACHABLE_CODE = YES;
				CLANG_WARN__DUPLICATE_METHOD_MATCH = YES;
				COPY_PHASE_STRIP = NO;
				DEBUG_INFORMATION_FORMAT = "dwarf-with-dsym";
				ENABLE_NS_ASSERTIONS = NO;
				ENABLE_STRICT_OBJC_MSGSEND = YES;
				GCC_C_LANGUAGE_STANDARD = gnu11;
				GCC_NO_COMMON_BLOCKS = YES;
				GCC_WARN_64_TO_32_BIT_CONVERSION = YES;
				GCC_WARN_ABOUT_RETURN_TYPE = YES_ERROR;
				GCC_WARN_UNDECLARED_SELECTOR = YES;
				GCC_WARN_UNINITIALIZED_AUTOS = YES_AGGRESSIVE;
				GCC_WARN_UNUSED_FUNCTION = YES;
				GCC_WARN_UNUSED_VARIABLE = YES;
				IPHONEOS_DEPLOYMENT_TARGET = 13.5;
				MTL_ENABLE_DEBUG_INFO = NO;
				MTL_FAST_MATH = YES;
				SDKROOT = iphoneos;
				SWIFT_COMPILATION_MODE = wholemodule;
				SWIFT_OPTIMIZATION_LEVEL = "-O";
				VALIDATE_PRODUCT = YES;
			};
			name = Release;
		};
		070908FA24A645B10082DAE8 /* Debug */ = {
			isa = XCBuildConfiguration;
			buildSettings = {
				ASSETCATALOG_COMPILER_APPICON_NAME = AppIcon;
				CODE_SIGN_STYLE = Automatic;
				DEVELOPMENT_TEAM = QLVPP3XJYB;
				INFOPLIST_FILE = HelloDongsup/Info.plist;
				LD_RUNPATH_SEARCH_PATHS = (
					"$(inherited)",
					"@executable_path/Frameworks",
				);
				PRODUCT_BUNDLE_IDENTIFIER = com.d2fault.HelloDongsup;
				PRODUCT_NAME = "$(TARGET_NAME)";
				SWIFT_VERSION = 5.0;
				TARGETED_DEVICE_FAMILY = "1,2";
			};
			name = Debug;
		};
		070908FB24A645B10082DAE8 /* Release */ = {
			isa = XCBuildConfiguration;
			buildSettings = {
				ASSETCATALOG_COMPILER_APPICON_NAME = AppIcon;
				CODE_SIGN_STYLE = Automatic;
				DEVELOPMENT_TEAM = QLVPP3XJYB;
				INFOPLIST_FILE = HelloDongsup/Info.plist;
				LD_RUNPATH_SEARCH_PATHS = (
					"$(inherited)",
					"@executable_path/Frameworks",
				);
				PRODUCT_BUNDLE_IDENTIFIER = com.d2fault.HelloDongsup;
				PRODUCT_NAME = "$(TARGET_NAME)";
				SWIFT_VERSION = 5.0;
				TARGETED_DEVICE_FAMILY = "1,2";
			};
			name = Release;
		};
/* End XCBuildConfiguration section */

/* Begin XCConfigurationList section */
		070908E024A645B00082DAE8 /* Build configuration list for PBXProject "HelloDongsup" */ = {
			isa = XCConfigurationList;
			buildConfigurations = (
				070908F724A645B10082DAE8 /* Debug */,
				070908F824A645B10082DAE8 /* Release */,
			);
			defaultConfigurationIsVisible = 0;
			defaultConfigurationName = Release;
		};
		070908F924A645B10082DAE8 /* Build configuration list for PBXNativeTarget "HelloDongsup" */ = {
			isa = XCConfigurationList;
			buildConfigurations = (
				070908FA24A645B10082DAE8 /* Debug */,
				070908FB24A645B10082DAE8 /* Release */,
			);
			defaultConfigurationIsVisible = 0;
			defaultConfigurationName = Release;
		};
/* End XCConfigurationList section */

/* Begin XCRemoteSwiftPackageReference section */
		0709090524A878020082DAE8 /* XCRemoteSwiftPackageReference "Alamofire" */ = {
			isa = XCRemoteSwiftPackageReference;
			repositoryURL = "https://github.com/Alamofire/Alamofire";
			requirement = {
				kind = upToNextMajorVersion;
				minimumVersion = 5.2.1;
			};
		};
		0709090824A878AC0082DAE8 /* XCRemoteSwiftPackageReference "Kingfisher" */ = {
			isa = XCRemoteSwiftPackageReference;
			repositoryURL = "https://github.com/onevcat/Kingfisher";
			requirement = {
				kind = upToNextMajorVersion;
				minimumVersion = 5.14.0;
			};
		};
/* End XCRemoteSwiftPackageReference section */

/* Begin XCSwiftPackageProductDependency section */
		0709090624A878020082DAE8 /* Alamofire */ = {
			isa = XCSwiftPackageProductDependency;
			package = 0709090524A878020082DAE8 /* XCRemoteSwiftPackageReference "Alamofire" */;
			productName = Alamofire;
		};
		0709090924A878AC0082DAE8 /* KingfisherStatic */ = {
			isa = XCSwiftPackageProductDependency;
			package = 0709090824A878AC0082DAE8 /* XCRemoteSwiftPackageReference "Kingfisher" */;
			productName = KingfisherStatic;
		};
		0709090B24A878AC0082DAE8 /* KingfisherSwiftUIStatic */ = {
			isa = XCSwiftPackageProductDependency;
			package = 0709090824A878AC0082DAE8 /* XCRemoteSwiftPackageReference "Kingfisher" */;
			productName = KingfisherSwiftUIStatic;
		};
		0709090D24A878AC0082DAE8 /* KingfisherDynamic */ = {
			isa = XCSwiftPackageProductDependency;
			package = 0709090824A878AC0082DAE8 /* XCRemoteSwiftPackageReference "Kingfisher" */;
			productName = KingfisherDynamic;
		};
		0709091024A878AC0082DAE8 /* Kingfisher */ = {
			isa = XCSwiftPackageProductDependency;
			package = 0709090824A878AC0082DAE8 /* XCRemoteSwiftPackageReference "Kingfisher" */;
			productName = Kingfisher;
		};
		0709091224A878AC0082DAE8 /* KingfisherSwiftUIDynamic */ = {
			isa = XCSwiftPackageProductDependency;
			package = 0709090824A878AC0082DAE8 /* XCRemoteSwiftPackageReference "Kingfisher" */;
			productName = KingfisherSwiftUIDynamic;
		};
		0709091524A878AC0082DAE8 /* KingfisherSwiftUI */ = {
			isa = XCSwiftPackageProductDependency;
			package = 0709090824A878AC0082DAE8 /* XCRemoteSwiftPackageReference "Kingfisher" */;
			productName = KingfisherSwiftUI;
		};
/* End XCSwiftPackageProductDependency section */
	};
	rootObject = 070908DD24A645B00082DAE8 /* Project object */;
}
